
Microsoft Visual Studio Solution File, Format Version 12.00
Project("{FAE04EC0-301F-11D3-BF4B-00C04F79EFBC}") = "Framework2", "Framework2\Framework2.csproj", "{37668D50-B703-4945-9CC9-6203F8BE65E3}"
EndProject
Global
	GlobalSection(SolutionConfigurationPlatforms) = preSolution
		Debug|Any CPU = Debug|Any CPU
		Release|Any CPU = Release|Any CPU
	EndGlobalSection
	GlobalSection(ProjectConfigurationPlatforms) = postSolution
		{37668D50-B703-4945-9CC9-6203F8BE65E3}.Debug|Any CPU.ActiveCfg = Debug|Any CPU
		{37668D50-B703-4945-9CC9-6203F8BE65E3}.Debug|Any CPU.Build.0 = Debug|Any CPU
		{37668D50-B703-4945-9CC9-6203F8BE65E3}.Release|Any CPU.ActiveCfg = Release|Any CPU
		{37668D50-B703-4945-9CC9-6203F8BE65E3}.Release|Any CPU.Build.0 = Release|Any CPU
	EndGlobalSection
EndGlobal
